// !$*UTF8*$!
{
	archiveVersion = 1;
	classes = {
	};
	objectVersion = 46;
	objects = {

/* Begin PBXBuildFile section */
		27517DF8161F99A200ABFFC5 /* UIKit.framework in Frameworks */ = {isa = PBXBuildFile; fileRef = 27517DF7161F99A200ABFFC5 /* UIKit.framework */; };
		27517DFA161F99A200ABFFC5 /* Foundation.framework in Frameworks */ = {isa = PBXBuildFile; fileRef = 27517DF9161F99A200ABFFC5 /* Foundation.framework */; };
		27517DFC161F99A200ABFFC5 /* CoreGraphics.framework in Frameworks */ = {isa = PBXBuildFile; fileRef = 27517DFB161F99A200ABFFC5 /* CoreGraphics.framework */; };
		27517E02161F99A200ABFFC5 /* InfoPlist.strings in Resources */ = {isa = PBXBuildFile; fileRef = 27517E00161F99A200ABFFC5 /* InfoPlist.strings */; };
		27517E04161F99A200ABFFC5 /* main.m in Sources */ = {isa = PBXBuildFile; fileRef = 27517E03161F99A200ABFFC5 /* main.m */; };
		27517E08161F99A200ABFFC5 /* KWAppDelegate.m in Sources */ = {isa = PBXBuildFile; fileRef = 27517E07161F99A200ABFFC5 /* KWAppDelegate.m */; };
		27517E0A161F99A200ABFFC5 /* Default.png in Resources */ = {isa = PBXBuildFile; fileRef = 27517E09161F99A200ABFFC5 /* Default.png */; };
		27517E0C161F99A200ABFFC5 /* Default@2x.png in Resources */ = {isa = PBXBuildFile; fileRef = 27517E0B161F99A200ABFFC5 /* Default@2x.png */; };
		27517E0E161F99A200ABFFC5 /* Default-568h@2x.png in Resources */ = {isa = PBXBuildFile; fileRef = 27517E0D161F99A200ABFFC5 /* Default-568h@2x.png */; };
		27517E16161F99A200ABFFC5 /* SenTestingKit.framework in Frameworks */ = {isa = PBXBuildFile; fileRef = 27517E15161F99A200ABFFC5 /* SenTestingKit.framework */; };
		27517E17161F99A200ABFFC5 /* UIKit.framework in Frameworks */ = {isa = PBXBuildFile; fileRef = 27517DF7161F99A200ABFFC5 /* UIKit.framework */; };
		27517E18161F99A200ABFFC5 /* Foundation.framework in Frameworks */ = {isa = PBXBuildFile; fileRef = 27517DF9161F99A200ABFFC5 /* Foundation.framework */; };
		27517E20161F99A200ABFFC5 /* InfoPlist.strings in Resources */ = {isa = PBXBuildFile; fileRef = 27517E1E161F99A200ABFFC5 /* InfoPlist.strings */; };
		27517E23161F99A200ABFFC5 /* KinveyWidgetsTests.m in Sources */ = {isa = PBXBuildFile; fileRef = 27517E22161F99A200ABFFC5 /* KinveyWidgetsTests.m */; };
/* End PBXBuildFile section */

/* Begin PBXContainerItemProxy section */
		27517E19161F99A200ABFFC5 /* PBXContainerItemProxy */ = {
			isa = PBXContainerItemProxy;
			containerPortal = 27517DEA161F99A200ABFFC5 /* Project object */;
			proxyType = 1;
			remoteGlobalIDString = 27517DF2161F99A200ABFFC5;
			remoteInfo = KinveyWidgets;
		};
/* End PBXContainerItemProxy section */

/* Begin PBXFileReference section */
		27517DF3161F99A200ABFFC5 /* KinveyWidgets.app */ = {isa = PBXFileReference; explicitFileType = wrapper.application; includeInIndex = 0; path = KinveyWidgets.app; sourceTree = BUILT_PRODUCTS_DIR; };
		27517DF7161F99A200ABFFC5 /* UIKit.framework */ = {isa = PBXFileReference; lastKnownFileType = wrapper.framework; name = UIKit.framework; path = System/Library/Frameworks/UIKit.framework; sourceTree = SDKROOT; };
		27517DF9161F99A200ABFFC5 /* Foundation.framework */ = {isa = PBXFileReference; lastKnownFileType = wrapper.framework; name = Foundation.framework; path = System/Library/Frameworks/Foundation.framework; sourceTree = SDKROOT; };
		27517DFB161F99A200ABFFC5 /* CoreGraphics.framework */ = {isa = PBXFileReference; lastKnownFileType = wrapper.framework; name = CoreGraphics.framework; path = System/Library/Frameworks/CoreGraphics.framework; sourceTree = SDKROOT; };
		27517DFF161F99A200ABFFC5 /* KinveyWidgets-Info.plist */ = {isa = PBXFileReference; lastKnownFileType = text.plist.xml; path = "KinveyWidgets-Info.plist"; sourceTree = "<group>"; };
		27517E01161F99A200ABFFC5 /* en */ = {isa = PBXFileReference; lastKnownFileType = text.plist.strings; name = en; path = en.lproj/InfoPlist.strings; sourceTree = "<group>"; };
		27517E03161F99A200ABFFC5 /* main.m */ = {isa = PBXFileReference; lastKnownFileType = sourcecode.c.objc; path = main.m; sourceTree = "<group>"; };
		27517E05161F99A200ABFFC5 /* KinveyWidgets-Prefix.pch */ = {isa = PBXFileReference; lastKnownFileType = sourcecode.c.h; path = "KinveyWidgets-Prefix.pch"; sourceTree = "<group>"; };
		27517E06161F99A200ABFFC5 /* KWAppDelegate.h */ = {isa = PBXFileReference; lastKnownFileType = sourcecode.c.h; path = KWAppDelegate.h; sourceTree = "<group>"; };
		27517E07161F99A200ABFFC5 /* KWAppDelegate.m */ = {isa = PBXFileReference; lastKnownFileType = sourcecode.c.objc; path = KWAppDelegate.m; sourceTree = "<group>"; };
		27517E09161F99A200ABFFC5 /* Default.png */ = {isa = PBXFileReference; lastKnownFileType = image.png; path = Default.png; sourceTree = "<group>"; };
		27517E0B161F99A200ABFFC5 /* Default@2x.png */ = {isa = PBXFileReference; lastKnownFileType = image.png; path = "Default@2x.png"; sourceTree = "<group>"; };
		27517E0D161F99A200ABFFC5 /* Default-568h@2x.png */ = {isa = PBXFileReference; lastKnownFileType = image.png; path = "Default-568h@2x.png"; sourceTree = "<group>"; };
		27517E14161F99A200ABFFC5 /* KinveyWidgetsTests.octest */ = {isa = PBXFileReference; explicitFileType = wrapper.cfbundle; includeInIndex = 0; path = KinveyWidgetsTests.octest; sourceTree = BUILT_PRODUCTS_DIR; };
		27517E15161F99A200ABFFC5 /* SenTestingKit.framework */ = {isa = PBXFileReference; lastKnownFileType = wrapper.framework; name = SenTestingKit.framework; path = Library/Frameworks/SenTestingKit.framework; sourceTree = DEVELOPER_DIR; };
		27517E1D161F99A200ABFFC5 /* KinveyWidgetsTests-Info.plist */ = {isa = PBXFileReference; lastKnownFileType = text.plist.xml; path = "KinveyWidgetsTests-Info.plist"; sourceTree = "<group>"; };
		27517E1F161F99A200ABFFC5 /* en */ = {isa = PBXFileReference; lastKnownFileType = text.plist.strings; name = en; path = en.lproj/InfoPlist.strings; sourceTree = "<group>"; };
		27517E21161F99A200ABFFC5 /* KinveyWidgetsTests.h */ = {isa = PBXFileReference; lastKnownFileType = sourcecode.c.h; path = KinveyWidgetsTests.h; sourceTree = "<group>"; };
		27517E22161F99A200ABFFC5 /* KinveyWidgetsTests.m */ = {isa = PBXFileReference; lastKnownFileType = sourcecode.c.objc; path = KinveyWidgetsTests.m; sourceTree = "<group>"; };
/* End PBXFileReference section */

/* Begin PBXFrameworksBuildPhase section */
		27517DF0161F99A200ABFFC5 /* Frameworks */ = {
			isa = PBXFrameworksBuildPhase;
			buildActionMask = 2147483647;
			files = (
				27517DF8161F99A200ABFFC5 /* UIKit.framework in Frameworks */,
				27517DFA161F99A200ABFFC5 /* Foundation.framework in Frameworks */,
				27517DFC161F99A200ABFFC5 /* CoreGraphics.framework in Frameworks */,
			);
			runOnlyForDeploymentPostprocessing = 0;
		};
		27517E10161F99A200ABFFC5 /* Frameworks */ = {
			isa = PBXFrameworksBuildPhase;
			buildActionMask = 2147483647;
			files = (
				27517E16161F99A200ABFFC5 /* SenTestingKit.framework in Frameworks */,
				27517E17161F99A200ABFFC5 /* UIKit.framework in Frameworks */,
				27517E18161F99A200ABFFC5 /* Foundation.framework in Frameworks */,
			);
			runOnlyForDeploymentPostprocessing = 0;
		};
/* End PBXFrameworksBuildPhase section */

/* Begin PBXGroup section */
		27517DE8161F99A200ABFFC5 = {
			isa = PBXGroup;
			children = (
				27517DFD161F99A200ABFFC5 /* KinveyWidgets */,
				27517E1B161F99A200ABFFC5 /* KinveyWidgetsTests */,
				27517DF6161F99A200ABFFC5 /* Frameworks */,
				27517DF4161F99A200ABFFC5 /* Products */,
			);
			sourceTree = "<group>";
		};
		27517DF4161F99A200ABFFC5 /* Products */ = {
			isa = PBXGroup;
			children = (
				27517DF3161F99A200ABFFC5 /* KinveyWidgets.app */,
				27517E14161F99A200ABFFC5 /* KinveyWidgetsTests.octest */,
			);
			name = Products;
			sourceTree = "<group>";
		};
		27517DF6161F99A200ABFFC5 /* Frameworks */ = {
			isa = PBXGroup;
			children = (
				27517DF7161F99A200ABFFC5 /* UIKit.framework */,
				27517DF9161F99A200ABFFC5 /* Foundation.framework */,
				27517DFB161F99A200ABFFC5 /* CoreGraphics.framework */,
				27517E15161F99A200ABFFC5 /* SenTestingKit.framework */,
			);
			name = Frameworks;
			sourceTree = "<group>";
		};
		27517DFD161F99A200ABFFC5 /* KinveyWidgets */ = {
			isa = PBXGroup;
			children = (
				27517E06161F99A200ABFFC5 /* KWAppDelegate.h */,
				27517E07161F99A200ABFFC5 /* KWAppDelegate.m */,
				27517DFE161F99A200ABFFC5 /* Supporting Files */,
			);
			path = KinveyWidgets;
			sourceTree = "<group>";
		};
		27517DFE161F99A200ABFFC5 /* Supporting Files */ = {
			isa = PBXGroup;
			children = (
				27517DFF161F99A200ABFFC5 /* KinveyWidgets-Info.plist */,
				27517E00161F99A200ABFFC5 /* InfoPlist.strings */,
				27517E03161F99A200ABFFC5 /* main.m */,
				27517E05161F99A200ABFFC5 /* KinveyWidgets-Prefix.pch */,
				27517E09161F99A200ABFFC5 /* Default.png */,
				27517E0B161F99A200ABFFC5 /* Default@2x.png */,
				27517E0D161F99A200ABFFC5 /* Default-568h@2x.png */,
			);
			name = "Supporting Files";
			sourceTree = "<group>";
		};
		27517E1B161F99A200ABFFC5 /* KinveyWidgetsTests */ = {
			isa = PBXGroup;
			children = (
				27517E21161F99A200ABFFC5 /* KinveyWidgetsTests.h */,
				27517E22161F99A200ABFFC5 /* KinveyWidgetsTests.m */,
				27517E1C161F99A200ABFFC5 /* Supporting Files */,
			);
			path = KinveyWidgetsTests;
			sourceTree = "<group>";
		};
		27517E1C161F99A200ABFFC5 /* Supporting Files */ = {
			isa = PBXGroup;
			children = (
				27517E1D161F99A200ABFFC5 /* KinveyWidgetsTests-Info.plist */,
				27517E1E161F99A200ABFFC5 /* InfoPlist.strings */,
			);
			name = "Supporting Files";
			sourceTree = "<group>";
		};
/* End PBXGroup section */

/* Begin PBXNativeTarget section */
		27517DF2161F99A200ABFFC5 /* KinveyWidgets */ = {
			isa = PBXNativeTarget;
			buildConfigurationList = 27517E26161F99A200ABFFC5 /* Build configuration list for PBXNativeTarget "KinveyWidgets" */;
			buildPhases = (
				27517DEF161F99A200ABFFC5 /* Sources */,
				27517DF0161F99A200ABFFC5 /* Frameworks */,
				27517DF1161F99A200ABFFC5 /* Resources */,
			);
			buildRules = (
			);
			dependencies = (
			);
			name = KinveyWidgets;
			productName = KinveyWidgets;
			productReference = 27517DF3161F99A200ABFFC5 /* KinveyWidgets.app */;
			productType = "com.apple.product-type.application";
		};
		27517E13161F99A200ABFFC5 /* KinveyWidgetsTests */ = {
			isa = PBXNativeTarget;
			buildConfigurationList = 27517E29161F99A200ABFFC5 /* Build configuration list for PBXNativeTarget "KinveyWidgetsTests" */;
			buildPhases = (
				27517E0F161F99A200ABFFC5 /* Sources */,
				27517E10161F99A200ABFFC5 /* Frameworks */,
				27517E11161F99A200ABFFC5 /* Resources */,
				27517E12161F99A200ABFFC5 /* ShellScript */,
			);
			buildRules = (
			);
			dependencies = (
				27517E1A161F99A200ABFFC5 /* PBXTargetDependency */,
			);
			name = KinveyWidgetsTests;
			productName = KinveyWidgetsTests;
			productReference = 27517E14161F99A200ABFFC5 /* KinveyWidgetsTests.octest */;
			productType = "com.apple.product-type.bundle";
		};
/* End PBXNativeTarget section */

/* Begin PBXProject section */
		27517DEA161F99A200ABFFC5 /* Project object */ = {
			isa = PBXProject;
			attributes = {
				CLASSPREFIX = KW;
				LastUpgradeCheck = 0450;
				ORGANIZATIONNAME = Kinvey;
			};
			buildConfigurationList = 27517DED161F99A200ABFFC5 /* Build configuration list for PBXProject "KinveyWidgets" */;
			compatibilityVersion = "Xcode 3.2";
			developmentRegion = English;
			hasScannedForEncodings = 0;
			knownRegions = (
				en,
			);
			mainGroup = 27517DE8161F99A200ABFFC5;
			productRefGroup = 27517DF4161F99A200ABFFC5 /* Products */;
			projectDirPath = "";
			projectRoot = "";
			targets = (
				27517DF2161F99A200ABFFC5 /* KinveyWidgets */,
				27517E13161F99A200ABFFC5 /* KinveyWidgetsTests */,
			);
		};
/* End PBXProject section */

/* Begin PBXResourcesBuildPhase section */
		27517DF1161F99A200ABFFC5 /* Resources */ = {
			isa = PBXResourcesBuildPhase;
			buildActionMask = 2147483647;
			files = (
				27517E02161F99A200ABFFC5 /* InfoPlist.strings in Resources */,
				27517E0A161F99A200ABFFC5 /* Default.png in Resources */,
				27517E0C161F99A200ABFFC5 /* Default@2x.png in Resources */,
				27517E0E161F99A200ABFFC5 /* Default-568h@2x.png in Resources */,
			);
			runOnlyForDeploymentPostprocessing = 0;
		};
		27517E11161F99A200ABFFC5 /* Resources */ = {
			isa = PBXResourcesBuildPhase;
			buildActionMask = 2147483647;
			files = (
				27517E20161F99A200ABFFC5 /* InfoPlist.strings in Resources */,
			);
			runOnlyForDeploymentPostprocessing = 0;
		};
/* End PBXResourcesBuildPhase section */

/* Begin PBXShellScriptBuildPhase section */
		27517E12161F99A200ABFFC5 /* ShellScript */ = {
			isa = PBXShellScriptBuildPhase;
			buildActionMask = 2147483647;
			files = (
			);
			inputPaths = (
			);
			outputPaths = (
			);
			runOnlyForDeploymentPostprocessing = 0;
			shellPath = /bin/sh;
			shellScript = "# Run the unit tests in this test bundle.\n\"${SYSTEM_DEVELOPER_DIR}/Tools/RunUnitTests\"\n";
		};
/* End PBXShellScriptBuildPhase section */

/* Begin PBXSourcesBuildPhase section */
		27517DEF161F99A200ABFFC5 /* Sources */ = {
			isa = PBXSourcesBuildPhase;
			buildActionMask = 2147483647;
			files = (
				27517E04161F99A200ABFFC5 /* main.m in Sources */,
				27517E08161F99A200ABFFC5 /* KWAppDelegate.m in Sources */,
			);
			runOnlyForDeploymentPostprocessing = 0;
		};
		27517E0F161F99A200ABFFC5 /* Sources */ = {
			isa = PBXSourcesBuildPhase;
			buildActionMask = 2147483647;
			files = (
				27517E23161F99A200ABFFC5 /* KinveyWidgetsTests.m in Sources */,
			);
			runOnlyForDeploymentPostprocessing = 0;
		};
/* End PBXSourcesBuildPhase section */

/* Begin PBXTargetDependency section */
		27517E1A161F99A200ABFFC5 /* PBXTargetDependency */ = {
			isa = PBXTargetDependency;
			target = 27517DF2161F99A200ABFFC5 /* KinveyWidgets */;
			targetProxy = 27517E19161F99A200ABFFC5 /* PBXContainerItemProxy */;
		};
/* End PBXTargetDependency section */

/* Begin PBXVariantGroup section */
		27517E00161F99A200ABFFC5 /* InfoPlist.strings */ = {
			isa = PBXVariantGroup;
			children = (
				27517E01161F99A200ABFFC5 /* en */,
			);
			name = InfoPlist.strings;
			sourceTree = "<group>";
		};
		27517E1E161F99A200ABFFC5 /* InfoPlist.strings */ = {
			isa = PBXVariantGroup;
			children = (
				27517E1F161F99A200ABFFC5 /* en */,
			);
			name = InfoPlist.strings;
			sourceTree = "<group>";
		};
/* End PBXVariantGroup section */

/* Begin XCBuildConfiguration section */
		27517E24161F99A200ABFFC5 /* Debug */ = {
			isa = XCBuildConfiguration;
			buildSettings = {
				ALWAYS_SEARCH_USER_PATHS = NO;
				CLANG_CXX_LANGUAGE_STANDARD = "gnu++0x";
				CLANG_CXX_LIBRARY = "libc++";
				CLANG_ENABLE_OBJC_ARC = YES;
				CLANG_WARN_EMPTY_BODY = YES;
				CLANG_WARN__DUPLICATE_METHOD_MATCH = YES;
				"CODE_SIGN_IDENTITY[sdk=iphoneos*]" = "iPhone Developer";
				COPY_PHASE_STRIP = NO;
				GCC_C_LANGUAGE_STANDARD = gnu99;
				GCC_DYNAMIC_NO_PIC = NO;
				GCC_OPTIMIZATION_LEVEL = 0;
				GCC_PREPROCESSOR_DEFINITIONS = (
					"DEBUG=1",
					"$(inherited)",
				);
				GCC_SYMBOLS_PRIVATE_EXTERN = NO;
				GCC_WARN_ABOUT_RETURN_TYPE = YES;
				GCC_WARN_UNINITIALIZED_AUTOS = YES;
				GCC_WARN_UNUSED_VARIABLE = YES;
				IPHONEOS_DEPLOYMENT_TARGET = 6.0;
				ONLY_ACTIVE_ARCH = YES;
				SDKROOT = iphoneos;
				TARGETED_DEVICE_FAMILY = "1,2";
			};
			name = Debug;
		};
		27517E25161F99A200ABFFC5 /* Release */ = {
			isa = XCBuildConfiguration;
			buildSettings = {
				ALWAYS_SEARCH_USER_PATHS = NO;
				CLANG_CXX_LANGUAGE_STANDARD = "gnu++0x";
				CLANG_CXX_LIBRARY = "libc++";
				CLANG_ENABLE_OBJC_ARC = YES;
				CLANG_WARN_EMPTY_BODY = YES;
				CLANG_WARN__DUPLICATE_METHOD_MATCH = YES;
				"CODE_SIGN_IDENTITY[sdk=iphoneos*]" = "iPhone Developer";
				COPY_PHASE_STRIP = YES;
				GCC_C_LANGUAGE_STANDARD = gnu99;
				GCC_WARN_ABOUT_RETURN_TYPE = YES;
				GCC_WARN_UNINITIALIZED_AUTOS = YES;
				GCC_WARN_UNUSED_VARIABLE = YES;
				IPHONEOS_DEPLOYMENT_TARGET = 6.0;
				OTHER_CFLAGS = "-DNS_BLOCK_ASSERTIONS=1";
				SDKROOT = iphoneos;
				TARGETED_DEVICE_FAMILY = "1,2";
				VALIDATE_PRODUCT = YES;
			};
			name = Release;
		};
		27517E27161F99A200ABFFC5 /* Debug */ = {
			isa = XCBuildConfiguration;
			buildSettings = {
				GCC_PRECOMPILE_PREFIX_HEADER = YES;
				GCC_PREFIX_HEADER = "KinveyWidgets/KinveyWidgets-Prefix.pch";
				INFOPLIST_FILE = "KinveyWidgets/KinveyWidgets-Info.plist";
				PRODUCT_NAME = "$(TARGET_NAME)";
				WRAPPER_EXTENSION = app;
			};
			name = Debug;
		};
		27517E28161F99A200ABFFC5 /* Release */ = {
			isa = XCBuildConfiguration;
			buildSettings = {
				GCC_PRECOMPILE_PREFIX_HEADER = YES;
				GCC_PREFIX_HEADER = "KinveyWidgets/KinveyWidgets-Prefix.pch";
				INFOPLIST_FILE = "KinveyWidgets/KinveyWidgets-Info.plist";
				PRODUCT_NAME = "$(TARGET_NAME)";
				WRAPPER_EXTENSION = app;
			};
			name = Release;
		};
		27517E2A161F99A200ABFFC5 /* Debug */ = {
			isa = XCBuildConfiguration;
			buildSettings = {
				BUNDLE_LOADER = "$(BUILT_PRODUCTS_DIR)/KinveyWidgets.app/KinveyWidgets";
				FRAMEWORK_SEARCH_PATHS = (
					"\"$(SDKROOT)/Developer/Library/Frameworks\"",
					"\"$(DEVELOPER_LIBRARY_DIR)/Frameworks\"",
				);
				GCC_PRECOMPILE_PREFIX_HEADER = YES;
				GCC_PREFIX_HEADER = "KinveyWidgets/KinveyWidgets-Prefix.pch";
				INFOPLIST_FILE = "KinveyWidgetsTests/KinveyWidgetsTests-Info.plist";
				PRODUCT_NAME = "$(TARGET_NAME)";
				TEST_HOST = "$(BUNDLE_LOADER)";
				WRAPPER_EXTENSION = octest;
			};
			name = Debug;
		};
		27517E2B161F99A200ABFFC5 /* Release */ = {
			isa = XCBuildConfiguration;
			buildSettings = {
				BUNDLE_LOADER = "$(BUILT_PRODUCTS_DIR)/KinveyWidgets.app/KinveyWidgets";
				FRAMEWORK_SEARCH_PATHS = (
					"\"$(SDKROOT)/Developer/Library/Frameworks\"",
					"\"$(DEVELOPER_LIBRARY_DIR)/Frameworks\"",
				);
				GCC_PRECOMPILE_PREFIX_HEADER = YES;
				GCC_PREFIX_HEADER = "KinveyWidgets/KinveyWidgets-Prefix.pch";
				INFOPLIST_FILE = "KinveyWidgetsTests/KinveyWidgetsTests-Info.plist";
				PRODUCT_NAME = "$(TARGET_NAME)";
				TEST_HOST = "$(BUNDLE_LOADER)";
				WRAPPER_EXTENSION = octest;
			};
			name = Release;
		};
/* End XCBuildConfiguration section */

/* Begin XCConfigurationList section */
		27517DED161F99A200ABFFC5 /* Build configuration list for PBXProject "KinveyWidgets" */ = {
			isa = XCConfigurationList;
			buildConfigurations = (
				27517E24161F99A200ABFFC5 /* Debug */,
				27517E25161F99A200ABFFC5 /* Release */,
			);
			defaultConfigurationIsVisible = 0;
			defaultConfigurationName = Release;
		};
		27517E26161F99A200ABFFC5 /* Build configuration list for PBXNativeTarget "KinveyWidgets" */ = {
			isa = XCConfigurationList;
			buildConfigurations = (
				27517E27161F99A200ABFFC5 /* Debug */,
				27517E28161F99A200ABFFC5 /* Release */,
			);
			defaultConfigurationIsVisible = 0;
		};
		27517E29161F99A200ABFFC5 /* Build configuration list for PBXNativeTarget "KinveyWidgetsTests" */ = {
			isa = XCConfigurationList;
			buildConfigurations = (
				27517E2A161F99A200ABFFC5 /* Debug */,
				27517E2B161F99A200ABFFC5 /* Release */,
			);
			defaultConfigurationIsVisible = 0;
		};
/* End XCConfigurationList section */
	};
	rootObject = 27517DEA161F99A200ABFFC5 /* Project object */;
}
